PODS:
  - AFNetworking (3.2.1):
    - AFNetworking/NSURLSession (= 3.2.1)
    - AFNetworking/Reachability (= 3.2.1)
    - AFNetworking/Security (= 3.2.1)
    - AFNetworking/Serialization (= 3.2.1)
    - AFNetworking/UIKit (= 3.2.1)
  - AFNetworking/NSURLSession (3.2.1):
    - AFNetworking/Reachability
    - AFNetworking/Security
    - AFNetworking/Serialization
  - AFNetworking/Reachability (3.2.1)
  - AFNetworking/Security (3.2.1)
  - AFNetworking/Serialization (3.2.1)
  - AFNetworking/UIKit (3.2.1):
    - AFNetworking/NSURLSession
  - CocoaAsyncSocket (7.6.3)
  - KSPhotoBrowser (0.3.0):
    - SDWebImage (~> 5.0)
  - KTVCocoaHTTPServer (1.0.0):
    - CocoaAsyncSocket
  - KTVHTTPCache (2.0.1):
    - KTVCocoaHTTPServer
  - SDWebImage (5.1.0):
    - SDWebImage/Core (= 5.1.0)
  - SDWebImage/Core (5.1.0)
  - ZFPlayer (3.2.13):
    - ZFPlayer/Core (= 3.2.13)
  - ZFPlayer/AVPlayer (3.2.13):
    - ZFPlayer/Core
  - ZFPlayer/ControlView (3.2.13):
    - ZFPlayer/Core
  - ZFPlayer/Core (3.2.13)

DEPENDENCIES:
  - AFNetworking (~> 3.0)
  - KSPhotoBrowser
  - KTVHTTPCache (~> 2.0.0)
  - ZFPlayer
  - ZFPlayer/AVPlayer (~> 3.0)
  - ZFPlayer/ControlView (~> 3.0)

SPEC REPOS:
  https://github.com/cocoapods/specs.git:
    - AFNetworking
    - CocoaAsyncSocket
    - KSPhotoBrowser
    - KTVCocoaHTTPServer
    - KTVHTTPCache
    - SDWebImage
    - ZFPlayer

SPEC CHECKSUMS:
  AFNetworking: b6f891fdfaed196b46c7a83cf209e09697b94057
  CocoaAsyncSocket: eafaa68a7e0ec99ead0a7b35015e0bf25d2c8987
  KSPhotoBrowser: 556fc4c4880e04a87b5990ab13cdc08d8478d40e
  KTVCocoaHTTPServer: df8d7b861e603ff8037e9b2138aca2563a6b768d
  KTVHTTPCache: 588c3eb16f6bd1e6fde1e230dabfb7bd4e490a4d
  SDWebImage: fb387001955223213dde14bc08c8b73f371f8d8f
  ZFPlayer: b2ba40c924e1b9a7f0a670632c4235ffbe6ee055

PODFILE CHECKSUM: 9c0e9ddc367cc2b423f3da244f4287004c751efe

COCOAPODS: 1.6.1
